
Microsoft Visual Studio Solution File, Format Version 12.00
# Visual Studio 2015
Project("{FAE04EC0-301F-11D3-BF4B-00C04F79EFBC}") = "DirectorSystemDemo.CSharp", "DirectorSystemDemo.CSharp.csproj", "{FAAD7619-B195-C7AF-3692-2960A2C31184}"
EndProject
Global
	GlobalSection(SolutionConfigurationPlatforms) = preSolution
		Debug|Any CPU = Debug|Any CPU
		Release|Any CPU = Release|Any CPU
	EndGlobalSection
	GlobalSection(ProjectConfigurationPlatforms) = postSolution
		{FAAD7619-B195-C7AF-3692-2960A2C31184}.Debug|Any CPU.ActiveCfg = Debug|Any CPU
		{FAAD7619-B195-C7AF-3692-2960A2C31184}.Debug|Any CPU.Build.0 = Debug|Any CPU
		{FAAD7619-B195-C7AF-3692-2960A2C31184}.Release|Any CPU.ActiveCfg = Release|Any CPU
		{FAAD7619-B195-C7AF-3692-2960A2C31184}.Release|Any CPU.Build.0 = Release|Any CPU
	EndGlobalSection
	GlobalSection(SolutionProperties) = preSolution
		HideSolutionNode = FALSE
	EndGlobalSection
EndGlobal
